# This file is automatically generated.
# It is not intended for manual editing.
version = 1

[[packages]]
name = "wasmcloud:bus"
registry = "wasmcloud.com"

[[packages.versions]]
requirement = "=1.0.0"
version = "1.0.0"
digest = "sha256:ea6561dee15f57a8365dc83725ec5dababcaec4cc6352a263bb66546b4b4d827"
